{
  "pins" : [
    {
      "identity" : "anchorage",
      "kind" : "remoteSourceControl",
      "location" : "https://github.com/Rightpoint/Anchorage",
      "state" : {
        "revision" : "23a6dd0ccf9529d2750d8679a2e74a161cff2f16",
        "version" : "4.5.0"
      }
    },
    {
      "identity" : "scryfallkit",
      "kind" : "remoteSourceControl",
      "location" : "https://github.com/JacobHearst/ScryfallKit",
      "state" : {
        "revision" : "c7f2731d56c4ffe637cd70174e672208a0e584ba",
        "version" : "5.7.0"
      }
    },
    {
      "identity" : "sdwebimage",
      "kind" : "remoteSourceControl",
      "location" : "https://github.com/SDWebImage/SDWebImage.git",
      "state" : {
        "revision" : "b11493f76481dff17ac8f45274a6b698ba0d3af5",
        "version" : "5.18.11"
      }
    },
    {
      "identity" : "sdwebimagesvgnativecoder",
      "kind" : "remoteSourceControl",
      "location" : "https://github.com/SDWebImage/SDWebImageSVGNativeCoder.git",
      "state" : {
        "revision" : "09a6199bbc0899c90382e734bbe07850eae2aa83",
        "version" : "0.2.0"
      }
    },
    {
      "identity" : "svgnative-xcode",
      "kind" : "remoteSourceControl",
      "location" : "https://github.com/SDWebImage/svgnative-Xcode.git",
      "state" : {
        "revision" : "de560bb9f69bc89f4624855998148eb6e0bb8e60",
        "version" : "0.1.0"
      }
    }
  ],
  "version" : 2
}
