{
  "pins" : [
    {
      "identity" : "anchorage",
      "kind" : "remoteSourceControl",
      "location" : "https://github.com/Rightpoint/Anchorage",
      "state" : {
        "revision" : "23a6dd0ccf9529d2750d8679a2e74a161cff2f16",
        "version" : "4.5.0"
      }
    },
    {
      "identity" : "kingfisher",
      "kind" : "remoteSourceControl",
      "location" : "https://github.com/onevcat/Kingfisher",
      "state" : {
        "revision" : "5b92f029fab2cce44386d28588098b5be0824ef5",
        "version" : "7.11.0"
      }
    },
    {
      "identity" : "scryfallkit",
      "kind" : "remoteSourceControl",
      "location" : "https://github.com/JacobHearst/ScryfallKit",
      "state" : {
        "revision" : "938a9e35a2c100fdf05792db359a48c59d0b3e92",
        "version" : "5.8.0"
      }
    },
    {
      "identity" : "sdwebimage",
      "kind" : "remoteSourceControl",
      "location" : "https://github.com/SDWebImage/SDWebImage.git",
      "state" : {
        "revision" : "73b9397cfbd902f606572964055464903b1d84c6",
        "version" : "5.19.0"
      }
    },
    {
      "identity" : "sdwebimagesvgnativecoder",
      "kind" : "remoteSourceControl",
      "location" : "https://github.com/SDWebImage/SDWebImageSVGNativeCoder.git",
      "state" : {
        "revision" : "09a6199bbc0899c90382e734bbe07850eae2aa83",
        "version" : "0.2.0"
      }
    },
    {
      "identity" : "svgnative-xcode",
      "kind" : "remoteSourceControl",
      "location" : "https://github.com/SDWebImage/svgnative-Xcode.git",
      "state" : {
        "revision" : "de560bb9f69bc89f4624855998148eb6e0bb8e60",
        "version" : "0.1.0"
      }
    }
  ],
  "version" : 2
}
