// !$*UTF8*$!
{
	archiveVersion = 1;
	classes = {
	};
	objectVersion = 56;
	objects = {

/* Begin PBXBuildFile section */
		BF48F1772BB03C5800F874BF /* Color.swift in Sources */ = {isa = PBXBuildFile; fileRef = BF48F1762BB03C5800F874BF /* Color.swift */; };
		BF660CF12BB016820025218A /* DesignComponent.framework in Frameworks */ = {isa = PBXBuildFile; fileRef = BF660CE82BB016820025218A /* DesignComponent.framework */; };
		BF660D012BB016A60025218A /* PillText.swift in Sources */ = {isa = PBXBuildFile; fileRef = BF660D002BB016A60025218A /* PillText.swift */; };
		BF660D082BB018010025218A /* Spacing.swift in Sources */ = {isa = PBXBuildFile; fileRef = BF660D072BB018010025218A /* Spacing.swift */; };
		BF660D1C2BB029220025218A /* SDWebImageSwiftUI in Frameworks */ = {isa = PBXBuildFile; productRef = BF660D1B2BB029220025218A /* SDWebImageSwiftUI */; };
		BF660D1E2BB0293A0025218A /* IconWebImage.swift in Sources */ = {isa = PBXBuildFile; fileRef = BF660D1D2BB0293A0025218A /* IconWebImage.swift */; };
		BF660D232BB02B230025218A /* Container.swift in Sources */ = {isa = PBXBuildFile; fileRef = BF660D222BB02B230025218A /* Container.swift */; };
		BF660D252BB030010025218A /* Main.swift in Sources */ = {isa = PBXBuildFile; fileRef = BF660D242BB030010025218A /* Main.swift */; };
		BF660D282BB030120025218A /* SDWebImageSVGNativeCoder in Frameworks */ = {isa = PBXBuildFile; productRef = BF660D272BB030120025218A /* SDWebImageSVGNativeCoder */; };
/* End PBXBuildFile section */

/* Begin PBXContainerItemProxy section */
		BF660CF22BB016820025218A /* PBXContainerItemProxy */ = {
			isa = PBXContainerItemProxy;
			containerPortal = BF660CDF2BB016820025218A /* Project object */;
			proxyType = 1;
			remoteGlobalIDString = BF660CE72BB016820025218A;
			remoteInfo = DesignComponent;
		};
/* End PBXContainerItemProxy section */

/* Begin PBXFileReference section */
		BF48F1762BB03C5800F874BF /* Color.swift */ = {isa = PBXFileReference; lastKnownFileType = sourcecode.swift; path = Color.swift; sourceTree = "<group>"; };
		BF660CE82BB016820025218A /* DesignComponent.framework */ = {isa = PBXFileReference; explicitFileType = wrapper.framework; includeInIndex = 0; path = DesignComponent.framework; sourceTree = BUILT_PRODUCTS_DIR; };
		BF660CF02BB016820025218A /* DesignComponentTests.xctest */ = {isa = PBXFileReference; explicitFileType = wrapper.cfbundle; includeInIndex = 0; path = DesignComponentTests.xctest; sourceTree = BUILT_PRODUCTS_DIR; };
		BF660D002BB016A60025218A /* PillText.swift */ = {isa = PBXFileReference; lastKnownFileType = sourcecode.swift; path = PillText.swift; sourceTree = "<group>"; };
		BF660D072BB018010025218A /* Spacing.swift */ = {isa = PBXFileReference; lastKnownFileType = sourcecode.swift; path = Spacing.swift; sourceTree = "<group>"; };
		BF660D1D2BB0293A0025218A /* IconWebImage.swift */ = {isa = PBXFileReference; lastKnownFileType = sourcecode.swift; path = IconWebImage.swift; sourceTree = "<group>"; };
		BF660D222BB02B230025218A /* Container.swift */ = {isa = PBXFileReference; lastKnownFileType = sourcecode.swift; path = Container.swift; sourceTree = "<group>"; };
		BF660D242BB030010025218A /* Main.swift */ = {isa = PBXFileReference; lastKnownFileType = sourcecode.swift; path = Main.swift; sourceTree = "<group>"; };
/* End PBXFileReference section */

/* Begin PBXFrameworksBuildPhase section */
		BF660CE52BB016820025218A /* Frameworks */ = {
			isa = PBXFrameworksBuildPhase;
			buildActionMask = 2147483647;
			files = (
				BF660D282BB030120025218A /* SDWebImageSVGNativeCoder in Frameworks */,
				BF660D1C2BB029220025218A /* SDWebImageSwiftUI in Frameworks */,
			);
			runOnlyForDeploymentPostprocessing = 0;
		};
		BF660CED2BB016820025218A /* Frameworks */ = {
			isa = PBXFrameworksBuildPhase;
			buildActionMask = 2147483647;
			files = (
				BF660CF12BB016820025218A /* DesignComponent.framework in Frameworks */,
			);
			runOnlyForDeploymentPostprocessing = 0;
		};
/* End PBXFrameworksBuildPhase section */

/* Begin PBXGroup section */
		BF660CDE2BB016820025218A = {
			isa = PBXGroup;
			children = (
				BF48F1762BB03C5800F874BF /* Color.swift */,
				BF660D242BB030010025218A /* Main.swift */,
				BF660D222BB02B230025218A /* Container.swift */,
				BF660D1D2BB0293A0025218A /* IconWebImage.swift */,
				BF660D072BB018010025218A /* Spacing.swift */,
				BF660D002BB016A60025218A /* PillText.swift */,
				BF660CE92BB016820025218A /* Products */,
			);
			sourceTree = "<group>";
		};
		BF660CE92BB016820025218A /* Products */ = {
			isa = PBXGroup;
			children = (
				BF660CE82BB016820025218A /* DesignComponent.framework */,
				BF660CF02BB016820025218A /* DesignComponentTests.xctest */,
			);
			name = Products;
			sourceTree = "<group>";
		};
/* End PBXGroup section */

/* Begin PBXHeadersBuildPhase section */
		BF660CE32BB016820025218A /* Headers */ = {
			isa = PBXHeadersBuildPhase;
			buildActionMask = 2147483647;
			files = (
			);
			runOnlyForDeploymentPostprocessing = 0;
		};
/* End PBXHeadersBuildPhase section */

/* Begin PBXNativeTarget section */
		BF660CE72BB016820025218A /* DesignComponent */ = {
			isa = PBXNativeTarget;
			buildConfigurationList = BF660CFA2BB016820025218A /* Build configuration list for PBXNativeTarget "DesignComponent" */;
			buildPhases = (
				BF660CE32BB016820025218A /* Headers */,
				BF660CE42BB016820025218A /* Sources */,
				BF660CE52BB016820025218A /* Frameworks */,
				BF660CE62BB016820025218A /* Resources */,
			);
			buildRules = (
			);
			dependencies = (
			);
			name = DesignComponent;
			packageProductDependencies = (
				BF660D1B2BB029220025218A /* SDWebImageSwiftUI */,
				BF660D272BB030120025218A /* SDWebImageSVGNativeCoder */,
			);
			productName = DesignComponent;
			productReference = BF660CE82BB016820025218A /* DesignComponent.framework */;
			productType = "com.apple.product-type.framework";
		};
		BF660CEF2BB016820025218A /* DesignComponentTests */ = {
			isa = PBXNativeTarget;
			buildConfigurationList = BF660CFD2BB016820025218A /* Build configuration list for PBXNativeTarget "DesignComponentTests" */;
			buildPhases = (
				BF660CEC2BB016820025218A /* Sources */,
				BF660CED2BB016820025218A /* Frameworks */,
				BF660CEE2BB016820025218A /* Resources */,
			);
			buildRules = (
			);
			dependencies = (
				BF660CF32BB016820025218A /* PBXTargetDependency */,
			);
			name = DesignComponentTests;
			productName = DesignComponentTests;
			productReference = BF660CF02BB016820025218A /* DesignComponentTests.xctest */;
			productType = "com.apple.product-type.bundle.unit-test";
		};
/* End PBXNativeTarget section */

/* Begin PBXProject section */
		BF660CDF2BB016820025218A /* Project object */ = {
			isa = PBXProject;
			attributes = {
				BuildIndependentTargetsInParallel = 1;
				LastSwiftUpdateCheck = 1520;
				LastUpgradeCheck = 1520;
				TargetAttributes = {
					BF660CE72BB016820025218A = {
						CreatedOnToolsVersion = 15.2;
						LastSwiftMigration = 1520;
					};
					BF660CEF2BB016820025218A = {
						CreatedOnToolsVersion = 15.2;
					};
				};
			};
			buildConfigurationList = BF660CE22BB016820025218A /* Build configuration list for PBXProject "DesignComponent" */;
			compatibilityVersion = "Xcode 14.0";
			developmentRegion = en;
			hasScannedForEncodings = 0;
			knownRegions = (
				en,
				Base,
			);
			mainGroup = BF660CDE2BB016820025218A;
			packageReferences = (
				BF660D1A2BB029220025218A /* XCRemoteSwiftPackageReference "SDWebImageSwiftUI" */,
				BF660D262BB030120025218A /* XCRemoteSwiftPackageReference "SDWebImageSVGNativeCoder" */,
			);
			productRefGroup = BF660CE92BB016820025218A /* Products */;
			projectDirPath = "";
			projectRoot = "";
			targets = (
				BF660CE72BB016820025218A /* DesignComponent */,
				BF660CEF2BB016820025218A /* DesignComponentTests */,
			);
		};
/* End PBXProject section */

/* Begin PBXResourcesBuildPhase section */
		BF660CE62BB016820025218A /* Resources */ = {
			isa = PBXResourcesBuildPhase;
			buildActionMask = 2147483647;
			files = (
			);
			runOnlyForDeploymentPostprocessing = 0;
		};
		BF660CEE2BB016820025218A /* Resources */ = {
			isa = PBXResourcesBuildPhase;
			buildActionMask = 2147483647;
			files = (
			);
			runOnlyForDeploymentPostprocessing = 0;
		};
/* End PBXResourcesBuildPhase section */

/* Begin PBXSourcesBuildPhase section */
		BF660CE42BB016820025218A /* Sources */ = {
			isa = PBXSourcesBuildPhase;
			buildActionMask = 2147483647;
			files = (
				BF660D252BB030010025218A /* Main.swift in Sources */,
				BF660D1E2BB0293A0025218A /* IconWebImage.swift in Sources */,
				BF660D232BB02B230025218A /* Container.swift in Sources */,
				BF660D012BB016A60025218A /* PillText.swift in Sources */,
				BF660D082BB018010025218A /* Spacing.swift in Sources */,
				BF48F1772BB03C5800F874BF /* Color.swift in Sources */,
			);
			runOnlyForDeploymentPostprocessing = 0;
		};
		BF660CEC2BB016820025218A /* Sources */ = {
			isa = PBXSourcesBuildPhase;
			buildActionMask = 2147483647;
			files = (
			);
			runOnlyForDeploymentPostprocessing = 0;
		};
/* End PBXSourcesBuildPhase section */

/* Begin PBXTargetDependency section */
		BF660CF32BB016820025218A /* PBXTargetDependency */ = {
			isa = PBXTargetDependency;
			target = BF660CE72BB016820025218A /* DesignComponent */;
			targetProxy = BF660CF22BB016820025218A /* PBXContainerItemProxy */;
		};
/* End PBXTargetDependency section */

/* Begin XCBuildConfiguration section */
		BF660CF82BB016820025218A /* Debug */ = {
			isa = XCBuildConfiguration;
			buildSettings = {
				ALWAYS_SEARCH_USER_PATHS = NO;
				ASSETCATALOG_COMPILER_GENERATE_SWIFT_ASSET_SYMBOL_EXTENSIONS = YES;
				CLANG_ANALYZER_NONNULL = YES;
				CLANG_ANALYZER_NUMBER_OBJECT_CONVERSION = YES_AGGRESSIVE;
				CLANG_CXX_LANGUAGE_STANDARD = "gnu++20";
				CLANG_ENABLE_MODULES = YES;
				CLANG_ENABLE_OBJC_ARC = YES;
				CLANG_ENABLE_OBJC_WEAK = YES;
				CLANG_WARN_BLOCK_CAPTURE_AUTORELEASING = YES;
				CLANG_WARN_BOOL_CONVERSION = YES;
				CLANG_WARN_COMMA = YES;
				CLANG_WARN_CONSTANT_CONVERSION = YES;
				CLANG_WARN_DEPRECATED_OBJC_IMPLEMENTATIONS = YES;
				CLANG_WARN_DIRECT_OBJC_ISA_USAGE = YES_ERROR;
				CLANG_WARN_DOCUMENTATION_COMMENTS = YES;
				CLANG_WARN_EMPTY_BODY = YES;
				CLANG_WARN_ENUM_CONVERSION = YES;
				CLANG_WARN_INFINITE_RECURSION = YES;
				CLANG_WARN_INT_CONVERSION = YES;
				CLANG_WARN_NON_LITERAL_NULL_CONVERSION = YES;
				CLANG_WARN_OBJC_IMPLICIT_RETAIN_SELF = YES;
				CLANG_WARN_OBJC_LITERAL_CONVERSION = YES;
				CLANG_WARN_OBJC_ROOT_CLASS = YES_ERROR;
				CLANG_WARN_QUOTED_INCLUDE_IN_FRAMEWORK_HEADER = YES;
				CLANG_WARN_RANGE_LOOP_ANALYSIS = YES;
				CLANG_WARN_STRICT_PROTOTYPES = YES;
				CLANG_WARN_SUSPICIOUS_MOVE = YES;
				CLANG_WARN_UNGUARDED_AVAILABILITY = YES_AGGRESSIVE;
				CLANG_WARN_UNREACHABLE_CODE = YES;
				CLANG_WARN__DUPLICATE_METHOD_MATCH = YES;
				COPY_PHASE_STRIP = NO;
				CURRENT_PROJECT_VERSION = 1;
				DEBUG_INFORMATION_FORMAT = dwarf;
				ENABLE_STRICT_OBJC_MSGSEND = YES;
				ENABLE_TESTABILITY = YES;
				ENABLE_USER_SCRIPT_SANDBOXING = YES;
				GCC_C_LANGUAGE_STANDARD = gnu17;
				GCC_DYNAMIC_NO_PIC = NO;
				GCC_NO_COMMON_BLOCKS = YES;
				GCC_OPTIMIZATION_LEVEL = 0;
				GCC_PREPROCESSOR_DEFINITIONS = (
					"DEBUG=1",
					"$(inherited)",
				);
				GCC_WARN_64_TO_32_BIT_CONVERSION = YES;
				GCC_WARN_ABOUT_RETURN_TYPE = YES_ERROR;
				GCC_WARN_UNDECLARED_SELECTOR = YES;
				GCC_WARN_UNINITIALIZED_AUTOS = YES_AGGRESSIVE;
				GCC_WARN_UNUSED_FUNCTION = YES;
				GCC_WARN_UNUSED_VARIABLE = YES;
				LOCALIZATION_PREFERS_STRING_CATALOGS = YES;
				MTL_ENABLE_DEBUG_INFO = INCLUDE_SOURCE;
				MTL_FAST_MATH = YES;
				ONLY_ACTIVE_ARCH = YES;
				SWIFT_ACTIVE_COMPILATION_CONDITIONS = "DEBUG $(inherited)";
				SWIFT_OPTIMIZATION_LEVEL = "-Onone";
				VERSIONING_SYSTEM = "apple-generic";
				VERSION_INFO_PREFIX = "";
			};
			name = Debug;
		};
		BF660CF92BB016820025218A /* Release */ = {
			isa = XCBuildConfiguration;
			buildSettings = {
				ALWAYS_SEARCH_USER_PATHS = NO;
				ASSETCATALOG_COMPILER_GENERATE_SWIFT_ASSET_SYMBOL_EXTENSIONS = YES;
				CLANG_ANALYZER_NONNULL = YES;
				CLANG_ANALYZER_NUMBER_OBJECT_CONVERSION = YES_AGGRESSIVE;
				CLANG_CXX_LANGUAGE_STANDARD = "gnu++20";
				CLANG_ENABLE_MODULES = YES;
				CLANG_ENABLE_OBJC_ARC = YES;
				CLANG_ENABLE_OBJC_WEAK = YES;
				CLANG_WARN_BLOCK_CAPTURE_AUTORELEASING = YES;
				CLANG_WARN_BOOL_CONVERSION = YES;
				CLANG_WARN_COMMA = YES;
				CLANG_WARN_CONSTANT_CONVERSION = YES;
				CLANG_WARN_DEPRECATED_OBJC_IMPLEMENTATIONS = YES;
				CLANG_WARN_DIRECT_OBJC_ISA_USAGE = YES_ERROR;
				CLANG_WARN_DOCUMENTATION_COMMENTS = YES;
				CLANG_WARN_EMPTY_BODY = YES;
				CLANG_WARN_ENUM_CONVERSION = YES;
				CLANG_WARN_INFINITE_RECURSION = YES;
				CLANG_WARN_INT_CONVERSION = YES;
				CLANG_WARN_NON_LITERAL_NULL_CONVERSION = YES;
				CLANG_WARN_OBJC_IMPLICIT_RETAIN_SELF = YES;
				CLANG_WARN_OBJC_LITERAL_CONVERSION = YES;
				CLANG_WARN_OBJC_ROOT_CLASS = YES_ERROR;
				CLANG_WARN_QUOTED_INCLUDE_IN_FRAMEWORK_HEADER = YES;
				CLANG_WARN_RANGE_LOOP_ANALYSIS = YES;
				CLANG_WARN_STRICT_PROTOTYPES = YES;
				CLANG_WARN_SUSPICIOUS_MOVE = YES;
				CLANG_WARN_UNGUARDED_AVAILABILITY = YES_AGGRESSIVE;
				CLANG_WARN_UNREACHABLE_CODE = YES;
				CLANG_WARN__DUPLICATE_METHOD_MATCH = YES;
				COPY_PHASE_STRIP = NO;
				CURRENT_PROJECT_VERSION = 1;
				DEBUG_INFORMATION_FORMAT = "dwarf-with-dsym";
				ENABLE_NS_ASSERTIONS = NO;
				ENABLE_STRICT_OBJC_MSGSEND = YES;
				ENABLE_USER_SCRIPT_SANDBOXING = YES;
				GCC_C_LANGUAGE_STANDARD = gnu17;
				GCC_NO_COMMON_BLOCKS = YES;
				GCC_WARN_64_TO_32_BIT_CONVERSION = YES;
				GCC_WARN_ABOUT_RETURN_TYPE = YES_ERROR;
				GCC_WARN_UNDECLARED_SELECTOR = YES;
				GCC_WARN_UNINITIALIZED_AUTOS = YES_AGGRESSIVE;
				GCC_WARN_UNUSED_FUNCTION = YES;
				GCC_WARN_UNUSED_VARIABLE = YES;
				LOCALIZATION_PREFERS_STRING_CATALOGS = YES;
				MTL_ENABLE_DEBUG_INFO = NO;
				MTL_FAST_MATH = YES;
				SWIFT_COMPILATION_MODE = wholemodule;
				VERSIONING_SYSTEM = "apple-generic";
				VERSION_INFO_PREFIX = "";
			};
			name = Release;
		};
		BF660CFB2BB016820025218A /* Debug */ = {
			isa = XCBuildConfiguration;
			buildSettings = {
				CLANG_ENABLE_MODULES = YES;
				CODE_SIGN_STYLE = Automatic;
				CURRENT_PROJECT_VERSION = 1;
				DEFINES_MODULE = YES;
				DEVELOPMENT_TEAM = 25WL36ABTN;
				DYLIB_COMPATIBILITY_VERSION = 1;
				DYLIB_CURRENT_VERSION = 1;
				DYLIB_INSTALL_NAME_BASE = "@rpath";
				ENABLE_MODULE_VERIFIER = YES;
				GENERATE_INFOPLIST_FILE = YES;
				INFOPLIST_KEY_NSHumanReadableCopyright = "";
				INSTALL_PATH = "$(LOCAL_LIBRARY_DIR)/Frameworks";
				IPHONEOS_DEPLOYMENT_TARGET = 17.2;
				LD_RUNPATH_SEARCH_PATHS = (
					"@executable_path/Frameworks",
					"@loader_path/Frameworks",
				);
				"LD_RUNPATH_SEARCH_PATHS[sdk=macosx*]" = (
					"@executable_path/../Frameworks",
					"@loader_path/Frameworks",
				);
				MACOSX_DEPLOYMENT_TARGET = 14.2;
				MARKETING_VERSION = 1.0;
				MODULE_VERIFIER_SUPPORTED_LANGUAGES = "objective-c objective-c++";
				MODULE_VERIFIER_SUPPORTED_LANGUAGE_STANDARDS = "gnu17 gnu++20";
				PRODUCT_BUNDLE_IDENTIFIER = com.missingems.oracle.DesignComponent;
				PRODUCT_NAME = "$(TARGET_NAME:c99extidentifier)";
				SDKROOT = auto;
				SKIP_INSTALL = YES;
				SUPPORTED_PLATFORMS = "appletvos appletvsimulator iphoneos iphonesimulator macosx xros xrsimulator";
				SUPPORTS_MACCATALYST = NO;
				SWIFT_EMIT_LOC_STRINGS = YES;
				SWIFT_OPTIMIZATION_LEVEL = "-Onone";
				SWIFT_VERSION = 5.0;
				TARGETED_DEVICE_FAMILY = "1,2,3,7";
			};
			name = Debug;
		};
		BF660CFC2BB016820025218A /* Release */ = {
			isa = XCBuildConfiguration;
			buildSettings = {
				CLANG_ENABLE_MODULES = YES;
				CODE_SIGN_STYLE = Automatic;
				CURRENT_PROJECT_VERSION = 1;
				DEFINES_MODULE = YES;
				DEVELOPMENT_TEAM = 25WL36ABTN;
				DYLIB_COMPATIBILITY_VERSION = 1;
				DYLIB_CURRENT_VERSION = 1;
				DYLIB_INSTALL_NAME_BASE = "@rpath";
				ENABLE_MODULE_VERIFIER = YES;
				GENERATE_INFOPLIST_FILE = YES;
				INFOPLIST_KEY_NSHumanReadableCopyright = "";
				INSTALL_PATH = "$(LOCAL_LIBRARY_DIR)/Frameworks";
				IPHONEOS_DEPLOYMENT_TARGET = 17.2;
				LD_RUNPATH_SEARCH_PATHS = (
					"@executable_path/Frameworks",
					"@loader_path/Frameworks",
				);
				"LD_RUNPATH_SEARCH_PATHS[sdk=macosx*]" = (
					"@executable_path/../Frameworks",
					"@loader_path/Frameworks",
				);
				MACOSX_DEPLOYMENT_TARGET = 14.2;
				MARKETING_VERSION = 1.0;
				MODULE_VERIFIER_SUPPORTED_LANGUAGES = "objective-c objective-c++";
				MODULE_VERIFIER_SUPPORTED_LANGUAGE_STANDARDS = "gnu17 gnu++20";
				PRODUCT_BUNDLE_IDENTIFIER = com.missingems.oracle.DesignComponent;
				PRODUCT_NAME = "$(TARGET_NAME:c99extidentifier)";
				SDKROOT = auto;
				SKIP_INSTALL = YES;
				SUPPORTED_PLATFORMS = "appletvos appletvsimulator iphoneos iphonesimulator macosx xros xrsimulator";
				SUPPORTS_MACCATALYST = NO;
				SWIFT_EMIT_LOC_STRINGS = YES;
				SWIFT_VERSION = 5.0;
				TARGETED_DEVICE_FAMILY = "1,2,3,7";
			};
			name = Release;
		};
		BF660CFE2BB016820025218A /* Debug */ = {
			isa = XCBuildConfiguration;
			buildSettings = {
				ALWAYS_EMBED_SWIFT_STANDARD_LIBRARIES = YES;
				CODE_SIGN_STYLE = Automatic;
				CURRENT_PROJECT_VERSION = 1;
				DEVELOPMENT_TEAM = 25WL36ABTN;
				GENERATE_INFOPLIST_FILE = YES;
				IPHONEOS_DEPLOYMENT_TARGET = 17.2;
				MACOSX_DEPLOYMENT_TARGET = 14.2;
				MARKETING_VERSION = 1.0;
				PRODUCT_BUNDLE_IDENTIFIER = com.missingems.oracle.DesignComponentTests;
				PRODUCT_NAME = "$(TARGET_NAME)";
				SDKROOT = auto;
				SUPPORTED_PLATFORMS = "iphoneos iphonesimulator macosx";
				SWIFT_EMIT_LOC_STRINGS = NO;
				SWIFT_VERSION = 5.0;
				TARGETED_DEVICE_FAMILY = "1,2";
			};
			name = Debug;
		};
		BF660CFF2BB016820025218A /* Release */ = {
			isa = XCBuildConfiguration;
			buildSettings = {
				ALWAYS_EMBED_SWIFT_STANDARD_LIBRARIES = YES;
				CODE_SIGN_STYLE = Automatic;
				CURRENT_PROJECT_VERSION = 1;
				DEVELOPMENT_TEAM = 25WL36ABTN;
				GENERATE_INFOPLIST_FILE = YES;
				IPHONEOS_DEPLOYMENT_TARGET = 17.2;
				MACOSX_DEPLOYMENT_TARGET = 14.2;
				MARKETING_VERSION = 1.0;
				PRODUCT_BUNDLE_IDENTIFIER = com.missingems.oracle.DesignComponentTests;
				PRODUCT_NAME = "$(TARGET_NAME)";
				SDKROOT = auto;
				SUPPORTED_PLATFORMS = "iphoneos iphonesimulator macosx";
				SWIFT_EMIT_LOC_STRINGS = NO;
				SWIFT_VERSION = 5.0;
				TARGETED_DEVICE_FAMILY = "1,2";
			};
			name = Release;
		};
/* End XCBuildConfiguration section */

/* Begin XCConfigurationList section */
		BF660CE22BB016820025218A /* Build configuration list for PBXProject "DesignComponent" */ = {
			isa = XCConfigurationList;
			buildConfigurations = (
				BF660CF82BB016820025218A /* Debug */,
				BF660CF92BB016820025218A /* Release */,
			);
			defaultConfigurationIsVisible = 0;
			defaultConfigurationName = Release;
		};
		BF660CFA2BB016820025218A /* Build configuration list for PBXNativeTarget "DesignComponent" */ = {
			isa = XCConfigurationList;
			buildConfigurations = (
				BF660CFB2BB016820025218A /* Debug */,
				BF660CFC2BB016820025218A /* Release */,
			);
			defaultConfigurationIsVisible = 0;
			defaultConfigurationName = Release;
		};
		BF660CFD2BB016820025218A /* Build configuration list for PBXNativeTarget "DesignComponentTests" */ = {
			isa = XCConfigurationList;
			buildConfigurations = (
				BF660CFE2BB016820025218A /* Debug */,
				BF660CFF2BB016820025218A /* Release */,
			);
			defaultConfigurationIsVisible = 0;
			defaultConfigurationName = Release;
		};
/* End XCConfigurationList section */

/* Begin XCRemoteSwiftPackageReference section */
		BF660D1A2BB029220025218A /* XCRemoteSwiftPackageReference "SDWebImageSwiftUI" */ = {
			isa = XCRemoteSwiftPackageReference;
			repositoryURL = "https://github.com/SDWebImage/SDWebImageSwiftUI";
			requirement = {
				kind = upToNextMajorVersion;
				minimumVersion = 3.0.1;
			};
		};
		BF660D262BB030120025218A /* XCRemoteSwiftPackageReference "SDWebImageSVGNativeCoder" */ = {
			isa = XCRemoteSwiftPackageReference;
			repositoryURL = "https://github.com/SDWebImage/SDWebImageSVGNativeCoder";
			requirement = {
				kind = upToNextMajorVersion;
				minimumVersion = 0.2.0;
			};
		};
/* End XCRemoteSwiftPackageReference section */

/* Begin XCSwiftPackageProductDependency section */
		BF660D1B2BB029220025218A /* SDWebImageSwiftUI */ = {
			isa = XCSwiftPackageProductDependency;
			package = BF660D1A2BB029220025218A /* XCRemoteSwiftPackageReference "SDWebImageSwiftUI" */;
			productName = SDWebImageSwiftUI;
		};
		BF660D272BB030120025218A /* SDWebImageSVGNativeCoder */ = {
			isa = XCSwiftPackageProductDependency;
			package = BF660D262BB030120025218A /* XCRemoteSwiftPackageReference "SDWebImageSVGNativeCoder" */;
			productName = SDWebImageSVGNativeCoder;
		};
/* End XCSwiftPackageProductDependency section */
	};
	rootObject = BF660CDF2BB016820025218A /* Project object */;
}
