// !$*UTF8*$!
{
	archiveVersion = 1;
	classes = {
	};
	objectVersion = 56;
	objects = {

/* Begin PBXBuildFile section */
		BF0761C82BC0281B00B6C21C /* CardConfiguration.swift in Sources */ = {isa = PBXBuildFile; fileRef = BF0761C72BC0281B00B6C21C /* CardConfiguration.swift */; };
		BF0761CA2BC029A700B6C21C /* CardFaceDisplayable.swift in Sources */ = {isa = PBXBuildFile; fileRef = BF0761C92BC029A700B6C21C /* CardFaceDisplayable.swift */; };
		BF0FDC392BB4065B00211199 /* RootViewModel.swift in Sources */ = {isa = PBXBuildFile; fileRef = BF0FDC382BB4065B00211199 /* RootViewModel.swift */; };
		BF14B5152BC1110100EB2BB5 /* NavigationCardImageView.swift in Sources */ = {isa = PBXBuildFile; fileRef = BF14B5142BC1110100EB2BB5 /* NavigationCardImageView.swift */; };
		BF636E4E2BB51B2500629CAA /* Stubs.swift in Sources */ = {isa = PBXBuildFile; fileRef = BF636E4D2BB51B2500629CAA /* Stubs.swift */; };
		BF636E512BB51BDD00629CAA /* setsSample.json in Resources */ = {isa = PBXBuildFile; fileRef = BF636E502BB51BDD00629CAA /* setsSample.json */; };
		BF660C9E2BAFEE760025218A /* ComposableArchitecture in Frameworks */ = {isa = PBXBuildFile; productRef = BF660C9D2BAFEE760025218A /* ComposableArchitecture */; };
		BF660CA12BAFEF3D0025218A /* RootView.swift in Sources */ = {isa = PBXBuildFile; fileRef = BF660CA02BAFEF3D0025218A /* RootView.swift */; };
		BF660CA62BAFF1BA0025218A /* SetView.swift in Sources */ = {isa = PBXBuildFile; fileRef = BF660CA52BAFF1BA0025218A /* SetView.swift */; };
		BF660CA92BAFF2050025218A /* Feature.swift in Sources */ = {isa = PBXBuildFile; fileRef = BF660CA82BAFF2050025218A /* Feature.swift */; };
		BF660CD62BB009CD0025218A /* ScryfallKit in Frameworks */ = {isa = PBXBuildFile; productRef = BF660CD52BB009CD0025218A /* ScryfallKit */; };
		BF660CD82BB00E6F0025218A /* SetViewModel.swift in Sources */ = {isa = PBXBuildFile; fileRef = BF660CD72BB00E6F0025218A /* SetViewModel.swift */; };
		BF660CDB2BB00FFD0025218A /* SetListRow.swift in Sources */ = {isa = PBXBuildFile; fileRef = BF660CDA2BB00FFD0025218A /* SetListRow.swift */; };
		BF660CDD2BB011B60025218A /* SetListRowViewModel.swift in Sources */ = {isa = PBXBuildFile; fileRef = BF660CDC2BB011B60025218A /* SetListRowViewModel.swift */; };
		BF660D042BB016F20025218A /* DesignComponent.framework in Frameworks */ = {isa = PBXBuildFile; fileRef = BF660D032BB016F20025218A /* DesignComponent.framework */; };
		BF660D052BB016F20025218A /* DesignComponent.framework in Embed Frameworks */ = {isa = PBXBuildFile; fileRef = BF660D032BB016F20025218A /* DesignComponent.framework */; settings = {ATTRIBUTES = (CodeSignOnCopy, RemoveHeadersOnCopy, ); }; };
		BF660D212BB02A310025218A /* NetworkEffect.swift in Sources */ = {isa = PBXBuildFile; fileRef = BF660D202BB02A310025218A /* NetworkEffect.swift */; };
		BF7F05D82BB67F9100B53C22 /* QueryResultView.swift in Sources */ = {isa = PBXBuildFile; fileRef = BF7F05D72BB67F9100B53C22 /* QueryResultView.swift */; };
		BF8539582BC389DA00CB8E19 /* CardView+MultiFace.swift in Sources */ = {isa = PBXBuildFile; fileRef = BF8539572BC389DA00CB8E19 /* CardView+MultiFace.swift */; };
		BF897D2B2BB7DD9100279F66 /* QueryFeature.swift in Sources */ = {isa = PBXBuildFile; fileRef = BF897D2A2BB7DD9100279F66 /* QueryFeature.swift */; };
		BF897D352BB89C6E00279F66 /* cards.json in Resources */ = {isa = PBXBuildFile; fileRef = BF897D342BB89C6E00279F66 /* cards.json */; };
		BFF33C902BBBF7A500DFB1D1 /* CardView.swift in Sources */ = {isa = PBXBuildFile; fileRef = BFF33C8F2BBBF7A500DFB1D1 /* CardView.swift */; };
		BFF33C922BBBF8AD00DFB1D1 /* CardFeature.swift in Sources */ = {isa = PBXBuildFile; fileRef = BFF33C912BBBF8AD00DFB1D1 /* CardFeature.swift */; };
		BFF33C942BBC699D00DFB1D1 /* Card+Extensions.swift in Sources */ = {isa = PBXBuildFile; fileRef = BFF33C932BBC699D00DFB1D1 /* Card+Extensions.swift */; };
		BFF33CA92BBD9BE700DFB1D1 /* CardFooterView.swift in Sources */ = {isa = PBXBuildFile; fileRef = BFF33CA82BBD9BE700DFB1D1 /* CardFooterView.swift */; };
/* End PBXBuildFile section */

/* Begin PBXCopyFilesBuildPhase section */
		BF660D062BB016F20025218A /* Embed Frameworks */ = {
			isa = PBXCopyFilesBuildPhase;
			buildActionMask = 2147483647;
			dstPath = "";
			dstSubfolderSpec = 10;
			files = (
				BF660D052BB016F20025218A /* DesignComponent.framework in Embed Frameworks */,
			);
			name = "Embed Frameworks";
			runOnlyForDeploymentPostprocessing = 0;
		};
/* End PBXCopyFilesBuildPhase section */

/* Begin PBXFileReference section */
		BF0761C72BC0281B00B6C21C /* CardConfiguration.swift */ = {isa = PBXFileReference; lastKnownFileType = sourcecode.swift; path = CardConfiguration.swift; sourceTree = "<group>"; };
		BF0761C92BC029A700B6C21C /* CardFaceDisplayable.swift */ = {isa = PBXFileReference; lastKnownFileType = sourcecode.swift; path = CardFaceDisplayable.swift; sourceTree = "<group>"; };
		BF0FDC382BB4065B00211199 /* RootViewModel.swift */ = {isa = PBXFileReference; lastKnownFileType = sourcecode.swift; path = RootViewModel.swift; sourceTree = "<group>"; };
		BF14B5142BC1110100EB2BB5 /* NavigationCardImageView.swift */ = {isa = PBXFileReference; lastKnownFileType = sourcecode.swift; path = NavigationCardImageView.swift; sourceTree = "<group>"; };
		BF636E4D2BB51B2500629CAA /* Stubs.swift */ = {isa = PBXFileReference; lastKnownFileType = sourcecode.swift; path = Stubs.swift; sourceTree = "<group>"; };
		BF636E502BB51BDD00629CAA /* setsSample.json */ = {isa = PBXFileReference; fileEncoding = 4; lastKnownFileType = text.json; path = setsSample.json; sourceTree = "<group>"; };
		BF660C842BAFEE180025218A /* GameSet.framework */ = {isa = PBXFileReference; explicitFileType = wrapper.framework; includeInIndex = 0; path = GameSet.framework; sourceTree = BUILT_PRODUCTS_DIR; };
		BF660CA02BAFEF3D0025218A /* RootView.swift */ = {isa = PBXFileReference; lastKnownFileType = sourcecode.swift; path = RootView.swift; sourceTree = "<group>"; };
		BF660CA52BAFF1BA0025218A /* SetView.swift */ = {isa = PBXFileReference; lastKnownFileType = sourcecode.swift; path = SetView.swift; sourceTree = "<group>"; };
		BF660CA82BAFF2050025218A /* Feature.swift */ = {isa = PBXFileReference; lastKnownFileType = sourcecode.swift; path = Feature.swift; sourceTree = "<group>"; };
		BF660CD72BB00E6F0025218A /* SetViewModel.swift */ = {isa = PBXFileReference; lastKnownFileType = sourcecode.swift; path = SetViewModel.swift; sourceTree = "<group>"; };
		BF660CDA2BB00FFD0025218A /* SetListRow.swift */ = {isa = PBXFileReference; lastKnownFileType = sourcecode.swift; path = SetListRow.swift; sourceTree = "<group>"; };
		BF660CDC2BB011B60025218A /* SetListRowViewModel.swift */ = {isa = PBXFileReference; lastKnownFileType = sourcecode.swift; path = SetListRowViewModel.swift; sourceTree = "<group>"; };
		BF660D032BB016F20025218A /* DesignComponent.framework */ = {isa = PBXFileReference; explicitFileType = wrapper.framework; path = DesignComponent.framework; sourceTree = BUILT_PRODUCTS_DIR; };
		BF660D202BB02A310025218A /* NetworkEffect.swift */ = {isa = PBXFileReference; lastKnownFileType = sourcecode.swift; path = NetworkEffect.swift; sourceTree = "<group>"; };
		BF7F05D72BB67F9100B53C22 /* QueryResultView.swift */ = {isa = PBXFileReference; lastKnownFileType = sourcecode.swift; path = QueryResultView.swift; sourceTree = "<group>"; };
		BF8539572BC389DA00CB8E19 /* CardView+MultiFace.swift */ = {isa = PBXFileReference; lastKnownFileType = sourcecode.swift; path = "CardView+MultiFace.swift"; sourceTree = "<group>"; };
		BF897D2A2BB7DD9100279F66 /* QueryFeature.swift */ = {isa = PBXFileReference; lastKnownFileType = sourcecode.swift; path = QueryFeature.swift; sourceTree = "<group>"; };
		BF897D342BB89C6E00279F66 /* cards.json */ = {isa = PBXFileReference; fileEncoding = 4; lastKnownFileType = text.json; path = cards.json; sourceTree = "<group>"; };
		BFF33C8F2BBBF7A500DFB1D1 /* CardView.swift */ = {isa = PBXFileReference; lastKnownFileType = sourcecode.swift; path = CardView.swift; sourceTree = "<group>"; };
		BFF33C912BBBF8AD00DFB1D1 /* CardFeature.swift */ = {isa = PBXFileReference; lastKnownFileType = sourcecode.swift; path = CardFeature.swift; sourceTree = "<group>"; };
		BFF33C932BBC699D00DFB1D1 /* Card+Extensions.swift */ = {isa = PBXFileReference; lastKnownFileType = sourcecode.swift; path = "Card+Extensions.swift"; sourceTree = "<group>"; };
		BFF33CA82BBD9BE700DFB1D1 /* CardFooterView.swift */ = {isa = PBXFileReference; lastKnownFileType = sourcecode.swift; path = CardFooterView.swift; sourceTree = "<group>"; };
/* End PBXFileReference section */

/* Begin PBXFrameworksBuildPhase section */
		BF660C812BAFEE180025218A /* Frameworks */ = {
			isa = PBXFrameworksBuildPhase;
			buildActionMask = 2147483647;
			files = (
				BF660C9E2BAFEE760025218A /* ComposableArchitecture in Frameworks */,
				BF660CD62BB009CD0025218A /* ScryfallKit in Frameworks */,
				BF660D042BB016F20025218A /* DesignComponent.framework in Frameworks */,
			);
			runOnlyForDeploymentPostprocessing = 0;
		};
/* End PBXFrameworksBuildPhase section */

/* Begin PBXGroup section */
		BF14B5132BC110F600EB2BB5 /* Shared */ = {
			isa = PBXGroup;
			children = (
				BF14B5142BC1110100EB2BB5 /* NavigationCardImageView.swift */,
			);
			path = Shared;
			sourceTree = "<group>";
		};
		BF636E4F2BB51B6B00629CAA /* Samples */ = {
			isa = PBXGroup;
			children = (
				BF897D342BB89C6E00279F66 /* cards.json */,
				BF636E502BB51BDD00629CAA /* setsSample.json */,
			);
			path = Samples;
			sourceTree = "<group>";
		};
		BF660C7A2BAFEE180025218A = {
			isa = PBXGroup;
			children = (
				BF14B5132BC110F600EB2BB5 /* Shared */,
				BFF33C8E2BBBF79D00DFB1D1 /* Card */,
				BF897D2D2BB7E3C800279F66 /* Query */,
				BF660CA72BAFF1D90025218A /* Root */,
				BF897D2C2BB7E3C200279F66 /* Set */,
				BF636E4F2BB51B6B00629CAA /* Samples */,
				BF660D1F2BB02A130025218A /* Network */,
				BF660C852BAFEE180025218A /* Products */,
				BF660D022BB016F20025218A /* Frameworks */,
			);
			sourceTree = "<group>";
		};
		BF660C852BAFEE180025218A /* Products */ = {
			isa = PBXGroup;
			children = (
				BF660C842BAFEE180025218A /* GameSet.framework */,
			);
			name = Products;
			sourceTree = "<group>";
		};
		BF660CA72BAFF1D90025218A /* Root */ = {
			isa = PBXGroup;
			children = (
				BF660CA02BAFEF3D0025218A /* RootView.swift */,
				BF0FDC382BB4065B00211199 /* RootViewModel.swift */,
				BF660CA82BAFF2050025218A /* Feature.swift */,
			);
			path = Root;
			sourceTree = "<group>";
		};
		BF660D022BB016F20025218A /* Frameworks */ = {
			isa = PBXGroup;
			children = (
				BF660D032BB016F20025218A /* DesignComponent.framework */,
			);
			name = Frameworks;
			sourceTree = "<group>";
		};
		BF660D1F2BB02A130025218A /* Network */ = {
			isa = PBXGroup;
			children = (
				BF660D202BB02A310025218A /* NetworkEffect.swift */,
				BF636E4D2BB51B2500629CAA /* Stubs.swift */,
			);
			path = Network;
			sourceTree = "<group>";
		};
		BF897D2C2BB7E3C200279F66 /* Set */ = {
			isa = PBXGroup;
			children = (
				BF660CDA2BB00FFD0025218A /* SetListRow.swift */,
				BF660CDC2BB011B60025218A /* SetListRowViewModel.swift */,
				BF660CA52BAFF1BA0025218A /* SetView.swift */,
				BF660CD72BB00E6F0025218A /* SetViewModel.swift */,
			);
			path = Set;
			sourceTree = "<group>";
		};
		BF897D2D2BB7E3C800279F66 /* Query */ = {
			isa = PBXGroup;
			children = (
				BF897D2A2BB7DD9100279F66 /* QueryFeature.swift */,
				BF7F05D72BB67F9100B53C22 /* QueryResultView.swift */,
			);
			path = Query;
			sourceTree = "<group>";
		};
		BFF33C8E2BBBF79D00DFB1D1 /* Card */ = {
			isa = PBXGroup;
			children = (
				BFF33C8F2BBBF7A500DFB1D1 /* CardView.swift */,
				BFF33C912BBBF8AD00DFB1D1 /* CardFeature.swift */,
				BFF33C932BBC699D00DFB1D1 /* Card+Extensions.swift */,
				BFF33CA82BBD9BE700DFB1D1 /* CardFooterView.swift */,
				BF0761C72BC0281B00B6C21C /* CardConfiguration.swift */,
				BF0761C92BC029A700B6C21C /* CardFaceDisplayable.swift */,
				BF8539572BC389DA00CB8E19 /* CardView+MultiFace.swift */,
			);
			path = Card;
			sourceTree = "<group>";
		};
/* End PBXGroup section */

/* Begin PBXHeadersBuildPhase section */
		BF660C7F2BAFEE180025218A /* Headers */ = {
			isa = PBXHeadersBuildPhase;
			buildActionMask = 2147483647;
			files = (
			);
			runOnlyForDeploymentPostprocessing = 0;
		};
/* End PBXHeadersBuildPhase section */

/* Begin PBXNativeTarget section */
		BF660C832BAFEE180025218A /* GameSet */ = {
			isa = PBXNativeTarget;
			buildConfigurationList = BF660C962BAFEE180025218A /* Build configuration list for PBXNativeTarget "GameSet" */;
			buildPhases = (
				BF660C7F2BAFEE180025218A /* Headers */,
				BF660C802BAFEE180025218A /* Sources */,
				BF660C812BAFEE180025218A /* Frameworks */,
				BF660C822BAFEE180025218A /* Resources */,
				BF660D062BB016F20025218A /* Embed Frameworks */,
			);
			buildRules = (
			);
			dependencies = (
			);
			name = GameSet;
			packageProductDependencies = (
				BF660C9D2BAFEE760025218A /* ComposableArchitecture */,
				BF660CD52BB009CD0025218A /* ScryfallKit */,
			);
			productName = Set;
			productReference = BF660C842BAFEE180025218A /* GameSet.framework */;
			productType = "com.apple.product-type.framework";
		};
/* End PBXNativeTarget section */

/* Begin PBXProject section */
		BF660C7B2BAFEE180025218A /* Project object */ = {
			isa = PBXProject;
			attributes = {
				BuildIndependentTargetsInParallel = 1;
				LastSwiftUpdateCheck = 1520;
				LastUpgradeCheck = 1520;
				TargetAttributes = {
					BF660C832BAFEE180025218A = {
						CreatedOnToolsVersion = 15.2;
						LastSwiftMigration = 1520;
					};
				};
			};
			buildConfigurationList = BF660C7E2BAFEE180025218A /* Build configuration list for PBXProject "GameSet" */;
			compatibilityVersion = "Xcode 14.0";
			developmentRegion = en;
			hasScannedForEncodings = 0;
			knownRegions = (
				en,
				Base,
			);
			mainGroup = BF660C7A2BAFEE180025218A;
			packageReferences = (
				BF660C9C2BAFEE760025218A /* XCRemoteSwiftPackageReference "swift-composable-architecture" */,
				BF660CD42BB009CD0025218A /* XCRemoteSwiftPackageReference "ScryfallKit" */,
			);
			productRefGroup = BF660C852BAFEE180025218A /* Products */;
			projectDirPath = "";
			projectRoot = "";
			targets = (
				BF660C832BAFEE180025218A /* GameSet */,
			);
		};
/* End PBXProject section */

/* Begin PBXResourcesBuildPhase section */
		BF660C822BAFEE180025218A /* Resources */ = {
			isa = PBXResourcesBuildPhase;
			buildActionMask = 2147483647;
			files = (
				BF636E512BB51BDD00629CAA /* setsSample.json in Resources */,
				BF897D352BB89C6E00279F66 /* cards.json in Resources */,
			);
			runOnlyForDeploymentPostprocessing = 0;
		};
/* End PBXResourcesBuildPhase section */

/* Begin PBXSourcesBuildPhase section */
		BF660C802BAFEE180025218A /* Sources */ = {
			isa = PBXSourcesBuildPhase;
			buildActionMask = 2147483647;
			files = (
				BFF33C902BBBF7A500DFB1D1 /* CardView.swift in Sources */,
				BFF33C942BBC699D00DFB1D1 /* Card+Extensions.swift in Sources */,
				BF636E4E2BB51B2500629CAA /* Stubs.swift in Sources */,
				BFF33CA92BBD9BE700DFB1D1 /* CardFooterView.swift in Sources */,
				BF660CA92BAFF2050025218A /* Feature.swift in Sources */,
				BF660CDB2BB00FFD0025218A /* SetListRow.swift in Sources */,
				BF660CDD2BB011B60025218A /* SetListRowViewModel.swift in Sources */,
				BF660CD82BB00E6F0025218A /* SetViewModel.swift in Sources */,
				BF0761C82BC0281B00B6C21C /* CardConfiguration.swift in Sources */,
				BF660D212BB02A310025218A /* NetworkEffect.swift in Sources */,
				BF660CA12BAFEF3D0025218A /* RootView.swift in Sources */,
				BF14B5152BC1110100EB2BB5 /* NavigationCardImageView.swift in Sources */,
				BF0FDC392BB4065B00211199 /* RootViewModel.swift in Sources */,
				BF7F05D82BB67F9100B53C22 /* QueryResultView.swift in Sources */,
				BF8539582BC389DA00CB8E19 /* CardView+MultiFace.swift in Sources */,
				BF660CA62BAFF1BA0025218A /* SetView.swift in Sources */,
				BFF33C922BBBF8AD00DFB1D1 /* CardFeature.swift in Sources */,
				BF0761CA2BC029A700B6C21C /* CardFaceDisplayable.swift in Sources */,
				BF897D2B2BB7DD9100279F66 /* QueryFeature.swift in Sources */,
			);
			runOnlyForDeploymentPostprocessing = 0;
		};
/* End PBXSourcesBuildPhase section */

/* Begin XCBuildConfiguration section */
		BF660C942BAFEE180025218A /* Debug */ = {
			isa = XCBuildConfiguration;
			buildSettings = {
				ALWAYS_SEARCH_USER_PATHS = NO;
				ASSETCATALOG_COMPILER_GENERATE_SWIFT_ASSET_SYMBOL_EXTENSIONS = YES;
				CLANG_ANALYZER_NONNULL = YES;
				CLANG_ANALYZER_NUMBER_OBJECT_CONVERSION = YES_AGGRESSIVE;
				CLANG_CXX_LANGUAGE_STANDARD = "gnu++20";
				CLANG_ENABLE_MODULES = YES;
				CLANG_ENABLE_OBJC_ARC = YES;
				CLANG_ENABLE_OBJC_WEAK = YES;
				CLANG_WARN_BLOCK_CAPTURE_AUTORELEASING = YES;
				CLANG_WARN_BOOL_CONVERSION = YES;
				CLANG_WARN_COMMA = YES;
				CLANG_WARN_CONSTANT_CONVERSION = YES;
				CLANG_WARN_DEPRECATED_OBJC_IMPLEMENTATIONS = YES;
				CLANG_WARN_DIRECT_OBJC_ISA_USAGE = YES_ERROR;
				CLANG_WARN_DOCUMENTATION_COMMENTS = YES;
				CLANG_WARN_EMPTY_BODY = YES;
				CLANG_WARN_ENUM_CONVERSION = YES;
				CLANG_WARN_INFINITE_RECURSION = YES;
				CLANG_WARN_INT_CONVERSION = YES;
				CLANG_WARN_NON_LITERAL_NULL_CONVERSION = YES;
				CLANG_WARN_OBJC_IMPLICIT_RETAIN_SELF = YES;
				CLANG_WARN_OBJC_LITERAL_CONVERSION = YES;
				CLANG_WARN_OBJC_ROOT_CLASS = YES_ERROR;
				CLANG_WARN_QUOTED_INCLUDE_IN_FRAMEWORK_HEADER = YES;
				CLANG_WARN_RANGE_LOOP_ANALYSIS = YES;
				CLANG_WARN_STRICT_PROTOTYPES = YES;
				CLANG_WARN_SUSPICIOUS_MOVE = YES;
				CLANG_WARN_UNGUARDED_AVAILABILITY = YES_AGGRESSIVE;
				CLANG_WARN_UNREACHABLE_CODE = YES;
				CLANG_WARN__DUPLICATE_METHOD_MATCH = YES;
				COPY_PHASE_STRIP = NO;
				CURRENT_PROJECT_VERSION = 1;
				DEAD_CODE_STRIPPING = YES;
				DEBUG_INFORMATION_FORMAT = dwarf;
				ENABLE_STRICT_OBJC_MSGSEND = YES;
				ENABLE_TESTABILITY = YES;
				ENABLE_USER_SCRIPT_SANDBOXING = YES;
				GCC_C_LANGUAGE_STANDARD = gnu17;
				GCC_DYNAMIC_NO_PIC = NO;
				GCC_NO_COMMON_BLOCKS = YES;
				GCC_OPTIMIZATION_LEVEL = 0;
				GCC_PREPROCESSOR_DEFINITIONS = (
					"DEBUG=1",
					"$(inherited)",
				);
				GCC_WARN_64_TO_32_BIT_CONVERSION = YES;
				GCC_WARN_ABOUT_RETURN_TYPE = YES_ERROR;
				GCC_WARN_UNDECLARED_SELECTOR = YES;
				GCC_WARN_UNINITIALIZED_AUTOS = YES_AGGRESSIVE;
				GCC_WARN_UNUSED_FUNCTION = YES;
				GCC_WARN_UNUSED_VARIABLE = YES;
				IPHONEOS_DEPLOYMENT_TARGET = 17.2;
				LOCALIZATION_PREFERS_STRING_CATALOGS = YES;
				MACOSX_DEPLOYMENT_TARGET = 14.2;
				MTL_ENABLE_DEBUG_INFO = INCLUDE_SOURCE;
				MTL_FAST_MATH = YES;
				ONLY_ACTIVE_ARCH = YES;
				SWIFT_ACTIVE_COMPILATION_CONDITIONS = "DEBUG $(inherited)";
				SWIFT_OPTIMIZATION_LEVEL = "-Onone";
				TVOS_DEPLOYMENT_TARGET = 17.2;
				VERSIONING_SYSTEM = "apple-generic";
				VERSION_INFO_PREFIX = "";
				XROS_DEPLOYMENT_TARGET = 1.0;
			};
			name = Debug;
		};
		BF660C952BAFEE180025218A /* Release */ = {
			isa = XCBuildConfiguration;
			buildSettings = {
				ALWAYS_SEARCH_USER_PATHS = NO;
				ASSETCATALOG_COMPILER_GENERATE_SWIFT_ASSET_SYMBOL_EXTENSIONS = YES;
				CLANG_ANALYZER_NONNULL = YES;
				CLANG_ANALYZER_NUMBER_OBJECT_CONVERSION = YES_AGGRESSIVE;
				CLANG_CXX_LANGUAGE_STANDARD = "gnu++20";
				CLANG_ENABLE_MODULES = YES;
				CLANG_ENABLE_OBJC_ARC = YES;
				CLANG_ENABLE_OBJC_WEAK = YES;
				CLANG_WARN_BLOCK_CAPTURE_AUTORELEASING = YES;
				CLANG_WARN_BOOL_CONVERSION = YES;
				CLANG_WARN_COMMA = YES;
				CLANG_WARN_CONSTANT_CONVERSION = YES;
				CLANG_WARN_DEPRECATED_OBJC_IMPLEMENTATIONS = YES;
				CLANG_WARN_DIRECT_OBJC_ISA_USAGE = YES_ERROR;
				CLANG_WARN_DOCUMENTATION_COMMENTS = YES;
				CLANG_WARN_EMPTY_BODY = YES;
				CLANG_WARN_ENUM_CONVERSION = YES;
				CLANG_WARN_INFINITE_RECURSION = YES;
				CLANG_WARN_INT_CONVERSION = YES;
				CLANG_WARN_NON_LITERAL_NULL_CONVERSION = YES;
				CLANG_WARN_OBJC_IMPLICIT_RETAIN_SELF = YES;
				CLANG_WARN_OBJC_LITERAL_CONVERSION = YES;
				CLANG_WARN_OBJC_ROOT_CLASS = YES_ERROR;
				CLANG_WARN_QUOTED_INCLUDE_IN_FRAMEWORK_HEADER = YES;
				CLANG_WARN_RANGE_LOOP_ANALYSIS = YES;
				CLANG_WARN_STRICT_PROTOTYPES = YES;
				CLANG_WARN_SUSPICIOUS_MOVE = YES;
				CLANG_WARN_UNGUARDED_AVAILABILITY = YES_AGGRESSIVE;
				CLANG_WARN_UNREACHABLE_CODE = YES;
				CLANG_WARN__DUPLICATE_METHOD_MATCH = YES;
				COPY_PHASE_STRIP = NO;
				CURRENT_PROJECT_VERSION = 1;
				DEAD_CODE_STRIPPING = YES;
				DEBUG_INFORMATION_FORMAT = "dwarf-with-dsym";
				ENABLE_NS_ASSERTIONS = NO;
				ENABLE_STRICT_OBJC_MSGSEND = YES;
				ENABLE_USER_SCRIPT_SANDBOXING = YES;
				GCC_C_LANGUAGE_STANDARD = gnu17;
				GCC_NO_COMMON_BLOCKS = YES;
				GCC_WARN_64_TO_32_BIT_CONVERSION = YES;
				GCC_WARN_ABOUT_RETURN_TYPE = YES_ERROR;
				GCC_WARN_UNDECLARED_SELECTOR = YES;
				GCC_WARN_UNINITIALIZED_AUTOS = YES_AGGRESSIVE;
				GCC_WARN_UNUSED_FUNCTION = YES;
				GCC_WARN_UNUSED_VARIABLE = YES;
				IPHONEOS_DEPLOYMENT_TARGET = 17.2;
				LOCALIZATION_PREFERS_STRING_CATALOGS = YES;
				MACOSX_DEPLOYMENT_TARGET = 14.2;
				MTL_ENABLE_DEBUG_INFO = NO;
				MTL_FAST_MATH = YES;
				SWIFT_COMPILATION_MODE = wholemodule;
				TVOS_DEPLOYMENT_TARGET = 17.2;
				VERSIONING_SYSTEM = "apple-generic";
				VERSION_INFO_PREFIX = "";
				XROS_DEPLOYMENT_TARGET = 1.0;
			};
			name = Release;
		};
		BF660C972BAFEE180025218A /* Debug */ = {
			isa = XCBuildConfiguration;
			buildSettings = {
				CLANG_ENABLE_MODULES = YES;
				CODE_SIGN_IDENTITY = "";
				CODE_SIGN_STYLE = Automatic;
				CURRENT_PROJECT_VERSION = 1;
				DEAD_CODE_STRIPPING = YES;
				DEFINES_MODULE = YES;
				DEVELOPMENT_TEAM = 25WL36ABTN;
				DYLIB_COMPATIBILITY_VERSION = 1;
				DYLIB_CURRENT_VERSION = 1;
				DYLIB_INSTALL_NAME_BASE = "@rpath";
				ENABLE_MODULE_VERIFIER = YES;
				GENERATE_INFOPLIST_FILE = YES;
				INFOPLIST_KEY_NSHumanReadableCopyright = "";
				INSTALL_PATH = "$(LOCAL_LIBRARY_DIR)/Frameworks";
				IPHONEOS_DEPLOYMENT_TARGET = 17.2;
				LD_RUNPATH_SEARCH_PATHS = (
					"@executable_path/Frameworks",
					"@loader_path/Frameworks",
				);
				"LD_RUNPATH_SEARCH_PATHS[sdk=macosx*]" = (
					"@executable_path/../Frameworks",
					"@loader_path/Frameworks",
				);
				MACOSX_DEPLOYMENT_TARGET = 14.2;
				MARKETING_VERSION = 1.0;
				MODULE_VERIFIER_SUPPORTED_LANGUAGES = "objective-c objective-c++";
				MODULE_VERIFIER_SUPPORTED_LANGUAGE_STANDARDS = "gnu17 gnu++20";
				PRODUCT_BUNDLE_IDENTIFIER = com.missingems.oracle.Set;
				PRODUCT_NAME = "$(TARGET_NAME:c99extidentifier)";
				SDKROOT = auto;
				SKIP_INSTALL = YES;
				SUPPORTED_PLATFORMS = "appletvos appletvsimulator iphoneos iphonesimulator macosx xros xrsimulator";
				SUPPORTS_MACCATALYST = NO;
				SWIFT_EMIT_LOC_STRINGS = YES;
				SWIFT_OPTIMIZATION_LEVEL = "-Onone";
				SWIFT_VERSION = 5.0;
				TARGETED_DEVICE_FAMILY = "1,2,3,7";
			};
			name = Debug;
		};
		BF660C982BAFEE180025218A /* Release */ = {
			isa = XCBuildConfiguration;
			buildSettings = {
				CLANG_ENABLE_MODULES = YES;
				CODE_SIGN_IDENTITY = "";
				CODE_SIGN_STYLE = Automatic;
				CURRENT_PROJECT_VERSION = 1;
				DEAD_CODE_STRIPPING = YES;
				DEFINES_MODULE = YES;
				DEVELOPMENT_TEAM = 25WL36ABTN;
				DYLIB_COMPATIBILITY_VERSION = 1;
				DYLIB_CURRENT_VERSION = 1;
				DYLIB_INSTALL_NAME_BASE = "@rpath";
				ENABLE_MODULE_VERIFIER = YES;
				GENERATE_INFOPLIST_FILE = YES;
				INFOPLIST_KEY_NSHumanReadableCopyright = "";
				INSTALL_PATH = "$(LOCAL_LIBRARY_DIR)/Frameworks";
				IPHONEOS_DEPLOYMENT_TARGET = 17.2;
				LD_RUNPATH_SEARCH_PATHS = (
					"@executable_path/Frameworks",
					"@loader_path/Frameworks",
				);
				"LD_RUNPATH_SEARCH_PATHS[sdk=macosx*]" = (
					"@executable_path/../Frameworks",
					"@loader_path/Frameworks",
				);
				MACOSX_DEPLOYMENT_TARGET = 14.2;
				MARKETING_VERSION = 1.0;
				MODULE_VERIFIER_SUPPORTED_LANGUAGES = "objective-c objective-c++";
				MODULE_VERIFIER_SUPPORTED_LANGUAGE_STANDARDS = "gnu17 gnu++20";
				PRODUCT_BUNDLE_IDENTIFIER = com.missingems.oracle.Set;
				PRODUCT_NAME = "$(TARGET_NAME:c99extidentifier)";
				SDKROOT = auto;
				SKIP_INSTALL = YES;
				SUPPORTED_PLATFORMS = "appletvos appletvsimulator iphoneos iphonesimulator macosx xros xrsimulator";
				SUPPORTS_MACCATALYST = NO;
				SWIFT_EMIT_LOC_STRINGS = YES;
				SWIFT_VERSION = 5.0;
				TARGETED_DEVICE_FAMILY = "1,2,3,7";
			};
			name = Release;
		};
/* End XCBuildConfiguration section */

/* Begin XCConfigurationList section */
		BF660C7E2BAFEE180025218A /* Build configuration list for PBXProject "GameSet" */ = {
			isa = XCConfigurationList;
			buildConfigurations = (
				BF660C942BAFEE180025218A /* Debug */,
				BF660C952BAFEE180025218A /* Release */,
			);
			defaultConfigurationIsVisible = 0;
			defaultConfigurationName = Release;
		};
		BF660C962BAFEE180025218A /* Build configuration list for PBXNativeTarget "GameSet" */ = {
			isa = XCConfigurationList;
			buildConfigurations = (
				BF660C972BAFEE180025218A /* Debug */,
				BF660C982BAFEE180025218A /* Release */,
			);
			defaultConfigurationIsVisible = 0;
			defaultConfigurationName = Release;
		};
/* End XCConfigurationList section */

/* Begin XCRemoteSwiftPackageReference section */
		BF660C9C2BAFEE760025218A /* XCRemoteSwiftPackageReference "swift-composable-architecture" */ = {
			isa = XCRemoteSwiftPackageReference;
			repositoryURL = "https://github.com/pointfreeco/swift-composable-architecture";
			requirement = {
				kind = upToNextMajorVersion;
				minimumVersion = 1.9.2;
			};
		};
		BF660CD42BB009CD0025218A /* XCRemoteSwiftPackageReference "ScryfallKit" */ = {
			isa = XCRemoteSwiftPackageReference;
			repositoryURL = "https://github.com/JacobHearst/ScryfallKit";
			requirement = {
				kind = upToNextMajorVersion;
				minimumVersion = 5.7.0;
			};
		};
/* End XCRemoteSwiftPackageReference section */

/* Begin XCSwiftPackageProductDependency section */
		BF660C9D2BAFEE760025218A /* ComposableArchitecture */ = {
			isa = XCSwiftPackageProductDependency;
			package = BF660C9C2BAFEE760025218A /* XCRemoteSwiftPackageReference "swift-composable-architecture" */;
			productName = ComposableArchitecture;
		};
		BF660CD52BB009CD0025218A /* ScryfallKit */ = {
			isa = XCSwiftPackageProductDependency;
			package = BF660CD42BB009CD0025218A /* XCRemoteSwiftPackageReference "ScryfallKit" */;
			productName = ScryfallKit;
		};
/* End XCSwiftPackageProductDependency section */
	};
	rootObject = BF660C7B2BAFEE180025218A /* Project object */;
}
